
Microsoft Visual Studio Solution File, Format Version 12.00
# Visual Studio Version 17
VisualStudioVersion = 17.13.35931.197
MinimumVisualStudioVersion = 10.0.40219.1
Project("{FAE04EC0-301F-11D3-BF4B-00C04F79EFBC}") = "Engine", "Engine\Engine.csproj", "{DB7FEACF-1F38-4611-BBEE-35A95E4E9294}"
EndProject
Project("{2150E333-8FDC-42A3-9474-1A3956D46DE8}") = "EngineImplementations", "EngineImplementations", "{639A8F1B-5EF0-4126-B5E6-6D6C42248854}"
EndProject
Project("{FAE04EC0-301F-11D3-BF4B-00C04F79EFBC}") = "EngineImplementations.GodotImplementation", "EngineImplementations\EngineImplementations.Godot\EngineImplementations.GodotImplementation.csproj", "{B233EA14-27AD-4DE9-9BA2-03700C9671F2}"
EndProject
Project("{2150E333-8FDC-42A3-9474-1A3956D46DE8}") = "Games", "Games", "{A8DF04AA-686F-4298-8B77-4DD48F6A3F0B}"
EndProject
Project("{FAE04EC0-301F-11D3-BF4B-00C04F79EFBC}") = "Games.Ring", "Games\Games.Ring\Games.Ring.csproj", "{580A48D9-1761-4001-B32D-E5A77B4EEDEE}"
EndProject
Project("{FAE04EC0-301F-11D3-BF4B-00C04F79EFBC}") = "Utils.Engine", "Utils.Engine\Utils.Engine.csproj", "{71A53D17-97EF-420A-B740-BA2E4FCAC865}"
EndProject
Project("{FAE04EC0-301F-11D3-BF4B-00C04F79EFBC}") = "Utils", "Utils\Utils.csproj", "{E12E91D0-6310-443D-9EC3-6E4E4FAFDFB5}"
EndProject
Project("{2150E333-8FDC-42A3-9474-1A3956D46DE8}") = "Dsl", "Dsl", "{B32587D6-F17A-4A81-BCD1-9B8ADCD40A70}"
EndProject
Project("{FAE04EC0-301F-11D3-BF4B-00C04F79EFBC}") = "Sall", "Dsl\Sall\Sall.csproj", "{C215F9BF-CEE3-416D-97D3-40C289F29ED2}"
EndProject
Project("{FAE04EC0-301F-11D3-BF4B-00C04F79EFBC}") = "Primitives", "Primitives\Primitives.csproj", "{5BBC52F8-D8B1-4D9D-8166-0CCED466C50D}"
EndProject
Project("{FAE04EC0-301F-11D3-BF4B-00C04F79EFBC}") = "Tests.Sall", "Dsl\Tests.Sall\Tests.Sall.csproj", "{F73CA3FC-F437-4F55-92A5-9AC666470C62}"
EndProject
Project("{FAE04EC0-301F-11D3-BF4B-00C04F79EFBC}") = "Utils.Tests", "Utils.Tests\Utils.Tests.csproj", "{8ACAA57C-9B44-40F8-B77A-26F3407F1318}"
EndProject
Project("{2150E333-8FDC-42A3-9474-1A3956D46DE8}") = "Tools", "Tools", "{02EA681E-C7D8-13C7-8484-4AC65E1B71E8}"
EndProject
Project("{2150E333-8FDC-42A3-9474-1A3956D46DE8}") = "Cli", "Cli", "{7872858D-25B8-42A2-9CB1-5C2CA63B5C00}"
EndProject
Project("{FAE04EC0-301F-11D3-BF4B-00C04F79EFBC}") = "PresetGen", "Tools\Cli\PresetGen\PresetGen.csproj", "{EC5C1409-6359-4228-90AF-E209AB6186DF}"
EndProject
Global
	GlobalSection(SolutionConfigurationPlatforms) = preSolution
		Debug|Any CPU = Debug|Any CPU
		Release|Any CPU = Release|Any CPU
	EndGlobalSection
	GlobalSection(ProjectConfigurationPlatforms) = postSolution
		{DB7FEACF-1F38-4611-BBEE-35A95E4E9294}.Debug|Any CPU.ActiveCfg = Debug|Any CPU
		{DB7FEACF-1F38-4611-BBEE-35A95E4E9294}.Debug|Any CPU.Build.0 = Debug|Any CPU
		{DB7FEACF-1F38-4611-BBEE-35A95E4E9294}.Release|Any CPU.ActiveCfg = Release|Any CPU
		{DB7FEACF-1F38-4611-BBEE-35A95E4E9294}.Release|Any CPU.Build.0 = Release|Any CPU
		{B233EA14-27AD-4DE9-9BA2-03700C9671F2}.Debug|Any CPU.ActiveCfg = Debug|Any CPU
		{B233EA14-27AD-4DE9-9BA2-03700C9671F2}.Debug|Any CPU.Build.0 = Debug|Any CPU
		{B233EA14-27AD-4DE9-9BA2-03700C9671F2}.Release|Any CPU.ActiveCfg = Release|Any CPU
		{B233EA14-27AD-4DE9-9BA2-03700C9671F2}.Release|Any CPU.Build.0 = Release|Any CPU
		{580A48D9-1761-4001-B32D-E5A77B4EEDEE}.Debug|Any CPU.ActiveCfg = Debug|Any CPU
		{580A48D9-1761-4001-B32D-E5A77B4EEDEE}.Debug|Any CPU.Build.0 = Debug|Any CPU
		{580A48D9-1761-4001-B32D-E5A77B4EEDEE}.Release|Any CPU.ActiveCfg = Release|Any CPU
		{580A48D9-1761-4001-B32D-E5A77B4EEDEE}.Release|Any CPU.Build.0 = Release|Any CPU
		{71A53D17-97EF-420A-B740-BA2E4FCAC865}.Debug|Any CPU.ActiveCfg = Debug|Any CPU
		{71A53D17-97EF-420A-B740-BA2E4FCAC865}.Debug|Any CPU.Build.0 = Debug|Any CPU
		{71A53D17-97EF-420A-B740-BA2E4FCAC865}.Release|Any CPU.ActiveCfg = Release|Any CPU
		{71A53D17-97EF-420A-B740-BA2E4FCAC865}.Release|Any CPU.Build.0 = Release|Any CPU
		{E12E91D0-6310-443D-9EC3-6E4E4FAFDFB5}.Debug|Any CPU.ActiveCfg = Debug|Any CPU
		{E12E91D0-6310-443D-9EC3-6E4E4FAFDFB5}.Debug|Any CPU.Build.0 = Debug|Any CPU
		{E12E91D0-6310-443D-9EC3-6E4E4FAFDFB5}.Release|Any CPU.ActiveCfg = Release|Any CPU
		{E12E91D0-6310-443D-9EC3-6E4E4FAFDFB5}.Release|Any CPU.Build.0 = Release|Any CPU
		{C215F9BF-CEE3-416D-97D3-40C289F29ED2}.Debug|Any CPU.ActiveCfg = Debug|Any CPU
		{C215F9BF-CEE3-416D-97D3-40C289F29ED2}.Debug|Any CPU.Build.0 = Debug|Any CPU
		{C215F9BF-CEE3-416D-97D3-40C289F29ED2}.Release|Any CPU.ActiveCfg = Release|Any CPU
		{C215F9BF-CEE3-416D-97D3-40C289F29ED2}.Release|Any CPU.Build.0 = Release|Any CPU
		{5BBC52F8-D8B1-4D9D-8166-0CCED466C50D}.Debug|Any CPU.ActiveCfg = Debug|Any CPU
		{5BBC52F8-D8B1-4D9D-8166-0CCED466C50D}.Debug|Any CPU.Build.0 = Debug|Any CPU
		{5BBC52F8-D8B1-4D9D-8166-0CCED466C50D}.Release|Any CPU.ActiveCfg = Release|Any CPU
		{5BBC52F8-D8B1-4D9D-8166-0CCED466C50D}.Release|Any CPU.Build.0 = Release|Any CPU
		{F73CA3FC-F437-4F55-92A5-9AC666470C62}.Debug|Any CPU.ActiveCfg = Debug|Any CPU
		{F73CA3FC-F437-4F55-92A5-9AC666470C62}.Debug|Any CPU.Build.0 = Debug|Any CPU
		{F73CA3FC-F437-4F55-92A5-9AC666470C62}.Release|Any CPU.ActiveCfg = Release|Any CPU
		{F73CA3FC-F437-4F55-92A5-9AC666470C62}.Release|Any CPU.Build.0 = Release|Any CPU
		{8ACAA57C-9B44-40F8-B77A-26F3407F1318}.Debug|Any CPU.ActiveCfg = Debug|Any CPU
		{8ACAA57C-9B44-40F8-B77A-26F3407F1318}.Debug|Any CPU.Build.0 = Debug|Any CPU
		{8ACAA57C-9B44-40F8-B77A-26F3407F1318}.Release|Any CPU.ActiveCfg = Release|Any CPU
		{8ACAA57C-9B44-40F8-B77A-26F3407F1318}.Release|Any CPU.Build.0 = Release|Any CPU
		{BBFD5D87-11D7-4F8A-B463-8788C549371E}.Debug|Any CPU.ActiveCfg = Debug|Any CPU
		{BBFD5D87-11D7-4F8A-B463-8788C549371E}.Debug|Any CPU.Build.0 = Debug|Any CPU
		{BBFD5D87-11D7-4F8A-B463-8788C549371E}.Release|Any CPU.ActiveCfg = Release|Any CPU
		{BBFD5D87-11D7-4F8A-B463-8788C549371E}.Release|Any CPU.Build.0 = Release|Any CPU
		{EC5C1409-6359-4228-90AF-E209AB6186DF}.Debug|Any CPU.ActiveCfg = Debug|Any CPU
		{EC5C1409-6359-4228-90AF-E209AB6186DF}.Debug|Any CPU.Build.0 = Debug|Any CPU
		{EC5C1409-6359-4228-90AF-E209AB6186DF}.Release|Any CPU.ActiveCfg = Release|Any CPU
		{EC5C1409-6359-4228-90AF-E209AB6186DF}.Release|Any CPU.Build.0 = Release|Any CPU
	EndGlobalSection
	GlobalSection(SolutionProperties) = preSolution
		HideSolutionNode = FALSE
	EndGlobalSection
	GlobalSection(NestedProjects) = preSolution
		{B233EA14-27AD-4DE9-9BA2-03700C9671F2} = {639A8F1B-5EF0-4126-B5E6-6D6C42248854}
		{580A48D9-1761-4001-B32D-E5A77B4EEDEE} = {A8DF04AA-686F-4298-8B77-4DD48F6A3F0B}
		{C215F9BF-CEE3-416D-97D3-40C289F29ED2} = {B32587D6-F17A-4A81-BCD1-9B8ADCD40A70}
		{F73CA3FC-F437-4F55-92A5-9AC666470C62} = {B32587D6-F17A-4A81-BCD1-9B8ADCD40A70}
		{BBFD5D87-11D7-4F8A-B463-8788C549371E} = {A8DF04AA-686F-4298-8B77-4DD48F6A3F0B}
		{7872858D-25B8-42A2-9CB1-5C2CA63B5C00} = {02EA681E-C7D8-13C7-8484-4AC65E1B71E8}
		{EC5C1409-6359-4228-90AF-E209AB6186DF} = {7872858D-25B8-42A2-9CB1-5C2CA63B5C00}
	EndGlobalSection
	GlobalSection(ExtensibilityGlobals) = postSolution
		SolutionGuid = {19E06BAE-9553-41BC-9A11-2912191186BC}
	EndGlobalSection
EndGlobal
